
Microsoft Visual Studio Solution File, Format Version 12.00
# Visual Studio 15
VisualStudioVersion = 15.0.28307.329
MinimumVisualStudioVersion = 10.0.40219.1
Project("{FAE04EC0-301F-11D3-BF4B-00C04F79EFBC}") = "webapiOverloadStartup", "webapiOverloadStartup\webapiOverloadStartup.csproj", "{86D4FBA8-6966-4EF6-B638-86CBFE9DB795}"
EndProject
Project("{FAE04EC0-301F-11D3-BF4B-00C04F79EFBC}") = "webapiOverloadStartup.Bootstrap", "webapiOverloadStartup.Bootstrap\webapiOverloadStartup.Bootstrap.csproj", "{DD530BC8-BCCF-404A-81D2-F1AEE9A705B6}"
EndProject
Global
	GlobalSection(SolutionConfigurationPlatforms) = preSolution
		Debug|Any CPU = Debug|Any CPU
		Release|Any CPU = Release|Any CPU
	EndGlobalSection
	GlobalSection(ProjectConfigurationPlatforms) = postSolution
		{86D4FBA8-6966-4EF6-B638-86CBFE9DB795}.Debug|Any CPU.ActiveCfg = Debug|Any CPU
		{86D4FBA8-6966-4EF6-B638-86CBFE9DB795}.Debug|Any CPU.Build.0 = Debug|Any CPU
		{86D4FBA8-6966-4EF6-B638-86CBFE9DB795}.Release|Any CPU.ActiveCfg = Release|Any CPU
		{86D4FBA8-6966-4EF6-B638-86CBFE9DB795}.Release|Any CPU.Build.0 = Release|Any CPU
		{DD530BC8-BCCF-404A-81D2-F1AEE9A705B6}.Debug|Any CPU.ActiveCfg = Debug|Any CPU
		{DD530BC8-BCCF-404A-81D2-F1AEE9A705B6}.Debug|Any CPU.Build.0 = Debug|Any CPU
		{DD530BC8-BCCF-404A-81D2-F1AEE9A705B6}.Release|Any CPU.ActiveCfg = Release|Any CPU
		{DD530BC8-BCCF-404A-81D2-F1AEE9A705B6}.Release|Any CPU.Build.0 = Release|Any CPU
	EndGlobalSection
	GlobalSection(SolutionProperties) = preSolution
		HideSolutionNode = FALSE
	EndGlobalSection
	GlobalSection(ExtensibilityGlobals) = postSolution
		SolutionGuid = {827B8837-39A8-4C3F-91AB-961E171EAB96}
	EndGlobalSection
EndGlobal
